
Microsoft Visual Studio Solution File, Format Version 12.00
# Visual Studio Version 17
VisualStudioVersion = 17.10.35122.118
MinimumVisualStudioVersion = 10.0.40219.1
Project("{9A19103F-16F7-4668-BE54-9A1E7A4F7556}") = "FoodRescue.API", "Food Rescue\FoodRescue.API.csproj", "{8B4AE0AA-B388-41AC-8795-52CCA3C53A82}"
EndProject
Project("{9A19103F-16F7-4668-BE54-9A1E7A4F7556}") = "FoodRescueTest", "FoodRescueTest\FoodRescueTest.csproj", "{4379CFF8-FF5A-444F-829C-348AE2AEACD7}"
EndProject
Project("{9A19103F-16F7-4668-BE54-9A1E7A4F7556}") = "FoodRescue.Service", "FoodRescue.Service\FoodRescue.Service.csproj", "{9E651E0D-08A3-46DF-90DB-27BBF8D60DEF}"
EndProject
Project("{9A19103F-16F7-4668-BE54-9A1E7A4F7556}") = "FoodRescue.Data", "FoodRescue.Data\FoodRescue.Data.csproj", "{62414F5D-0A28-46AB-8043-62AFFCE20C8C}"
EndProject
Project("{9A19103F-16F7-4668-BE54-9A1E7A4F7556}") = "FoodRescue.Core", "FoodRescue.Core\FoodRescue.Core.csproj", "{4CED7DE5-1142-4662-BE03-6BBAEC142B90}"
EndProject
Global
	GlobalSection(SolutionConfigurationPlatforms) = preSolution
		Debug|Any CPU = Debug|Any CPU
		Release|Any CPU = Release|Any CPU
	EndGlobalSection
	GlobalSection(ProjectConfigurationPlatforms) = postSolution
		{8B4AE0AA-B388-41AC-8795-52CCA3C53A82}.Debug|Any CPU.ActiveCfg = Debug|Any CPU
		{8B4AE0AA-B388-41AC-8795-52CCA3C53A82}.Debug|Any CPU.Build.0 = Debug|Any CPU
		{8B4AE0AA-B388-41AC-8795-52CCA3C53A82}.Release|Any CPU.ActiveCfg = Release|Any CPU
		{8B4AE0AA-B388-41AC-8795-52CCA3C53A82}.Release|Any CPU.Build.0 = Release|Any CPU
		{4379CFF8-FF5A-444F-829C-348AE2AEACD7}.Debug|Any CPU.ActiveCfg = Debug|Any CPU
		{4379CFF8-FF5A-444F-829C-348AE2AEACD7}.Debug|Any CPU.Build.0 = Debug|Any CPU
		{4379CFF8-FF5A-444F-829C-348AE2AEACD7}.Release|Any CPU.ActiveCfg = Release|Any CPU
		{4379CFF8-FF5A-444F-829C-348AE2AEACD7}.Release|Any CPU.Build.0 = Release|Any CPU
		{9E651E0D-08A3-46DF-90DB-27BBF8D60DEF}.Debug|Any CPU.ActiveCfg = Debug|Any CPU
		{9E651E0D-08A3-46DF-90DB-27BBF8D60DEF}.Debug|Any CPU.Build.0 = Debug|Any CPU
		{9E651E0D-08A3-46DF-90DB-27BBF8D60DEF}.Release|Any CPU.ActiveCfg = Release|Any CPU
		{9E651E0D-08A3-46DF-90DB-27BBF8D60DEF}.Release|Any CPU.Build.0 = Release|Any CPU
		{62414F5D-0A28-46AB-8043-62AFFCE20C8C}.Debug|Any CPU.ActiveCfg = Debug|Any CPU
		{62414F5D-0A28-46AB-8043-62AFFCE20C8C}.Debug|Any CPU.Build.0 = Debug|Any CPU
		{62414F5D-0A28-46AB-8043-62AFFCE20C8C}.Release|Any CPU.ActiveCfg = Release|Any CPU
		{62414F5D-0A28-46AB-8043-62AFFCE20C8C}.Release|Any CPU.Build.0 = Release|Any CPU
		{4CED7DE5-1142-4662-BE03-6BBAEC142B90}.Debug|Any CPU.ActiveCfg = Debug|Any CPU
		{4CED7DE5-1142-4662-BE03-6BBAEC142B90}.Debug|Any CPU.Build.0 = Debug|Any CPU
		{4CED7DE5-1142-4662-BE03-6BBAEC142B90}.Release|Any CPU.ActiveCfg = Release|Any CPU
		{4CED7DE5-1142-4662-BE03-6BBAEC142B90}.Release|Any CPU.Build.0 = Release|Any CPU
	EndGlobalSection
	GlobalSection(SolutionProperties) = preSolution
		HideSolutionNode = FALSE
	EndGlobalSection
	GlobalSection(ExtensibilityGlobals) = postSolution
		SolutionGuid = {1E432792-615B-4491-8C72-7611F59C7C99}
	EndGlobalSection
EndGlobal
